
Microsoft Visual Studio Solution File, Format Version 12.00
# Visual Studio Version 16
VisualStudioVersion = 16.0.30001.183
MinimumVisualStudioVersion = 10.0.40219.1
Project("{8BC9CEB8-8B4A-11D0-8D11-00A0C91BC942}") = "dev_console", "dev_console.vcxproj", "{95BA6D7A-FB6B-45B9-8543-0F4DBE0D9582}"
EndProject
Project("{8BC9CEB8-8B4A-11D0-8D11-00A0C91BC942}") = "pel_tests", "..\pel_tests\pel_tests.vcxproj", "{E871A994-2B09-4734-9C95-C5115B27199C}"
EndProject
Global
	GlobalSection(SolutionConfigurationPlatforms) = preSolution
		Debug|x64 = Debug|x64
		Debug|x86 = Debug|x86
		Release|x64 = Release|x64
		Release|x86 = Release|x86
	EndGlobalSection
	GlobalSection(ProjectConfigurationPlatforms) = postSolution
		{95BA6D7A-FB6B-45B9-8543-0F4DBE0D9582}.Debug|x64.ActiveCfg = Debug|x64
		{95BA6D7A-FB6B-45B9-8543-0F4DBE0D9582}.Debug|x64.Build.0 = Debug|x64
		{95BA6D7A-FB6B-45B9-8543-0F4DBE0D9582}.Debug|x86.ActiveCfg = Debug|Win32
		{95BA6D7A-FB6B-45B9-8543-0F4DBE0D9582}.Debug|x86.Build.0 = Debug|Win32
		{95BA6D7A-FB6B-45B9-8543-0F4DBE0D9582}.Release|x64.ActiveCfg = Release|x64
		{95BA6D7A-FB6B-45B9-8543-0F4DBE0D9582}.Release|x64.Build.0 = Release|x64
		{95BA6D7A-FB6B-45B9-8543-0F4DBE0D9582}.Release|x86.ActiveCfg = Release|Win32
		{95BA6D7A-FB6B-45B9-8543-0F4DBE0D9582}.Release|x86.Build.0 = Release|Win32
		{E871A994-2B09-4734-9C95-C5115B27199C}.Debug|x64.ActiveCfg = Debug|x64
		{E871A994-2B09-4734-9C95-C5115B27199C}.Debug|x64.Build.0 = Debug|x64
		{E871A994-2B09-4734-9C95-C5115B27199C}.Debug|x86.ActiveCfg = Debug|Win32
		{E871A994-2B09-4734-9C95-C5115B27199C}.Debug|x86.Build.0 = Debug|Win32
		{E871A994-2B09-4734-9C95-C5115B27199C}.Release|x64.ActiveCfg = Release|x64
		{E871A994-2B09-4734-9C95-C5115B27199C}.Release|x64.Build.0 = Release|x64
		{E871A994-2B09-4734-9C95-C5115B27199C}.Release|x86.ActiveCfg = Release|Win32
		{E871A994-2B09-4734-9C95-C5115B27199C}.Release|x86.Build.0 = Release|Win32
	EndGlobalSection
	GlobalSection(SolutionProperties) = preSolution
		HideSolutionNode = FALSE
	EndGlobalSection
	GlobalSection(ExtensibilityGlobals) = postSolution
		SolutionGuid = {05D06260-200C-49AD-BCC2-A049D8422BEA}
	EndGlobalSection
EndGlobal
